
Microsoft Visual Studio Solution File, Format Version 12.00
# Visual Studio Version 17
VisualStudioVersion = 17.10.35013.160
MinimumVisualStudioVersion = 10.0.40219.1
Project("{9A19103F-16F7-4668-BE54-9A1E7A4F7556}") = "ShoppingCart", "ShoppingCartService\ShoppingCart.csproj", "{BCF74502-F85D-45E0-8482-213F59023F7D}"
EndProject
Project("{FAE04EC0-301F-11D3-BF4B-00C04F79EFBC}") = "ShoppingCartTests", "ShoppingCartTests\ShoppingCartTests.csproj", "{7894D1D9-DAFA-4564-8AB4-FBA805DD2399}"
EndProject
Global
	GlobalSection(SolutionConfigurationPlatforms) = preSolution
		Debug|Any CPU = Debug|Any CPU
		Release|Any CPU = Release|Any CPU
	EndGlobalSection
	GlobalSection(ProjectConfigurationPlatforms) = postSolution
		{BCF74502-F85D-45E0-8482-213F59023F7D}.Debug|Any CPU.ActiveCfg = Debug|Any CPU
		{BCF74502-F85D-45E0-8482-213F59023F7D}.Debug|Any CPU.Build.0 = Debug|Any CPU
		{BCF74502-F85D-45E0-8482-213F59023F7D}.Release|Any CPU.ActiveCfg = Release|Any CPU
		{BCF74502-F85D-45E0-8482-213F59023F7D}.Release|Any CPU.Build.0 = Release|Any CPU
		{7894D1D9-DAFA-4564-8AB4-FBA805DD2399}.Debug|Any CPU.ActiveCfg = Debug|Any CPU
		{7894D1D9-DAFA-4564-8AB4-FBA805DD2399}.Debug|Any CPU.Build.0 = Debug|Any CPU
		{7894D1D9-DAFA-4564-8AB4-FBA805DD2399}.Release|Any CPU.ActiveCfg = Release|Any CPU
		{7894D1D9-DAFA-4564-8AB4-FBA805DD2399}.Release|Any CPU.Build.0 = Release|Any CPU
	EndGlobalSection
	GlobalSection(SolutionProperties) = preSolution
		HideSolutionNode = FALSE
	EndGlobalSection
	GlobalSection(ExtensibilityGlobals) = postSolution
		SolutionGuid = {49F71BFB-E6B1-4B81-8479-27C7890AB318}
	EndGlobalSection
EndGlobal
